{
    "_meta": {
        "hash": {
            "sha256": "4d49ae2858deea8ab89a898a83dfc945407b995d256f68ae0eec83ca88d9c95f"
        },
        "pipfile-spec": 6,
        "requires": {},
        "sources": [
            {
                "name": "pypi",
                "url": "https://pypi.org/simple",
                "verify_ssl": true
            }
        ]
    },
    "default": {
        "argparse": {
            "hashes": [
                "sha256:62b089a55be1d8949cd2bc7e0df0bddb9e028faefc8c32038cc84862aefdd6e4",
                "sha256:c31647edb69fd3d465a847ea3157d37bed1f95f19760b11a47aa91c04b666314"
            ],
            "index": "pypi",
            "version": "==1.4.0"
        },
        "boto3": {
            "hashes": [
                "sha256:68fbc8b7c13448f53164692163cc056fa242f8d7c39abbb77efc67b174b8f2a9",
                "sha256:a0f5a806d072bd532c86ef10a2a5f7f1ca7e8e0e506561a21ab5d462a93aa810"
            ],
            "index": "pypi",
            "version": "==1.18.6"
        },
        "botocore": {
            "hashes": [
                "sha256:c92dc2b69aec36b7482e5b05ac0a00d65ac972d745a74546942f09c95e68d335",
                "sha256:cabff036f702411f47c6dae09134315e0b524c8eda6bb1de99ee75fc1ee07f7f"
            ],
            "markers": "python_version >= '3.6'",
            "version": "==1.21.6"
        },
        "configparser": {
            "hashes": [
                "sha256:85d5de102cfe6d14a5172676f09d19c465ce63d6019cf0a4ef13385fc535e828",
                "sha256:af59f2cdd7efbdd5d111c1976ecd0b82db9066653362f0962d7bf1d3ab89a1fa"
            ],
            "index": "pypi",
            "version": "==5.0.2"
        },
        "jmespath": {
            "hashes": [
                "sha256:b85d0567b8666149a93172712e68920734333c0ce7e89b78b3e987f71e5ed4f9",
                "sha256:cdf6525904cc597730141d61b36f2e4b8ecc257c420fa2f4549bac2c2d0cb72f"
            ],
            "markers": "python_version >= '2.6' and python_version not in '3.0, 3.1, 3.2'",
            "version": "==0.10.0"
        },
        "python-dateutil": {
            "hashes": [
                "sha256:0123cacc1627ae19ddf3c27a5de5bd67ee4586fbdd6440d9748f8abb483d3e86",
                "sha256:961d03dc3453ebbc59dbdea9e4e11c5651520a876d0f4db161e8674aae935da9"
            ],
            "markers": "python_version >= '2.7' and python_version not in '3.0, 3.1, 3.2'",
            "version": "==2.8.2"
        },
        "s3transfer": {
            "hashes": [
                "sha256:50ed823e1dc5868ad40c8dc92072f757aa0e653a192845c94a3b676f4a62da4c",
                "sha256:9c1dc369814391a6bda20ebbf4b70a0f34630592c9aa520856bf384916af2803"
            ],
            "markers": "python_version >= '3.6'",
            "version": "==0.5.0"
        },
        "six": {
            "hashes": [
                "sha256:1e61c37477a1626458e36f7b1d82aa5c9b094fa4802892072e49de9c60c4c926",
                "sha256:8abb2f1d86890a2dfb989f9a77cfcfd3e47c2a354b01111771326f8aa26e0254"
            ],
            "markers": "python_version >= '2.7' and python_version not in '3.0, 3.1, 3.2'",
            "version": "==1.16.0"
        },
        "urllib3": {
            "hashes": [
                "sha256:39fb8672126159acb139a7718dd10806104dec1e2f0f6c88aab05d17df10c8d4",
                "sha256:f57b4c16c62fa2760b7e3d97c35b255512fb6b59a259730f36ba32ce9f8e342f"
            ],
            "markers": "python_version >= '2.7' and python_version not in '3.0, 3.1, 3.2, 3.3, 3.4' and python_version < '4'",
            "version": "==1.26.6"
        }
    },
    "develop": {
        "altgraph": {
            "hashes": [
                "sha256:1b5afbb98f6c4dcadb2e2ae6ab9fa994bbb8c1d75f4fa96d340f9437ae454406",
                "sha256:642743b4750de17e655e6711601b077bc6598dbfa3ba5fa2b2a35ce12b508dff"
            ],
            "version": "==0.17.4"
        },
        "macholib": {
            "hashes": [
                "sha256:0c436bc847e7b1d9bda0560351bf76d7caf930fb585a828d13608839ef42c432",
                "sha256:c500f02867515e6c60a27875b408920d18332ddf96b4035ef03beddd782d4281"
            ],
            "markers": "sys_platform == 'darwin'",
            "version": "==1.14"
        },
        "pyinstaller": {
            "hashes": [
                "sha256:086e68aa1e72f6aa13b9d170a395755e2b194b8ab410caeed02d16b432410c8c",
                "sha256:2519db3edec87d8c33924c2c4b7e176d8c1bbd9ba892d77efb67281925e621d6",
                "sha256:29341d2e86d5ce7df993e797ee96ef679041fc85376d31c35c7b714085a21299",
                "sha256:3c9cfe6d5d2f392d5d47389f6d377a8f225db460cdd01048b5a3de1d99c24ebe",
                "sha256:5d801db3ceee58d01337473ea897e96e4bb21421a169dd7cf8716754617ff7fc",
                "sha256:78d1601a11475b95dceff6eaf0c9cd74d93e3f47b5ce4ad63cd76e7a369d3d04",
                "sha256:a2e7a1d76a7ac26f1db849d691a374f2048b0e204233028d25d79a90ecd1fec8",
                "sha256:aa609aca62edd8cdcf7740677a21525e6c23b5e9a8f821ec8a80c68947771b5d",
                "sha256:ad6e31a8f35a463c6140e4cf979859197edc9831a1039253408b0fe5eec274dc",
                "sha256:b70ebc10811b30bbea4cf5b81fd1477db992c2614cf215edc987cda9c5468911",
                "sha256:b8d4000af72bf72f8185d420cd0a0aee0961f03a5c3511dc3ff08cdaef0583de",
                "sha256:e033218c8922f0342b6095fb444ecb3bc6747dfa58cac5eac2b985350f4b681e"
            ],
            "index": "pypi",
            "markers": "python_version < '3.13' and python_version >= '3.7'",
            "version": "==5.13.1"
        },
        "pyinstaller-hooks-contrib": {
            "hashes": [
                "sha256:4b4a998036abb713774cb26534ca06b7e6e09e4c628196017a10deb11a48747f",
                "sha256:6dc1786a8f452941245d5bb85893e2a33632ebdcbc4c23eea41f2ee08281b0c0"
            ],
            "markers": "python_version >= '3.7'",
            "version": "==2023.10"
        },
        "setuptools": {
            "hashes": [
                "sha256:1e8fdff6797d3865f37397be788a4e3cba233608e9b509382a2777d25ebde7f2",
                "sha256:735896e78a4742605974de002ac60562d286fa8051a7e2299445e8e8fbb01aa6"
            ],
            "markers": "python_version >= '3.8'",
            "version": "==69.0.2"
        }
    }
}
